
Microsoft Visual Studio Solution File, Format Version 12.00
# Visual Studio Version 17
VisualStudioVersion = 17.14.36429.23 d17.14
MinimumVisualStudioVersion = 10.0.40219.1
Project("{FAE04EC0-301F-11D3-BF4B-00C04F79EFBC}") = "Timer", "Timer\Timer.csproj", "{655185A3-3B5A-4D0D-8927-A47F63BE3425}"
EndProject
Global
	GlobalSection(SolutionConfigurationPlatforms) = preSolution
		Debug|Any CPU = Debug|Any CPU
		Debug|x86 = Debug|x86
		Release|Any CPU = Release|Any CPU
		Release|x86 = Release|x86
	EndGlobalSection
	GlobalSection(ProjectConfigurationPlatforms) = postSolution
		{655185A3-3B5A-4D0D-8927-A47F63BE3425}.Debug|Any CPU.ActiveCfg = Debug|Any CPU
		{655185A3-3B5A-4D0D-8927-A47F63BE3425}.Debug|Any CPU.Build.0 = Debug|Any CPU
		{655185A3-3B5A-4D0D-8927-A47F63BE3425}.Debug|x86.ActiveCfg = Debug|Any CPU
		{655185A3-3B5A-4D0D-8927-A47F63BE3425}.Debug|x86.Build.0 = Debug|Any CPU
		{655185A3-3B5A-4D0D-8927-A47F63BE3425}.Release|Any CPU.ActiveCfg = Release|Any CPU
		{655185A3-3B5A-4D0D-8927-A47F63BE3425}.Release|Any CPU.Build.0 = Release|Any CPU
		{655185A3-3B5A-4D0D-8927-A47F63BE3425}.Release|x86.ActiveCfg = Release|Any CPU
		{655185A3-3B5A-4D0D-8927-A47F63BE3425}.Release|x86.Build.0 = Release|Any CPU
	EndGlobalSection
	GlobalSection(SolutionProperties) = preSolution
		HideSolutionNode = FALSE
	EndGlobalSection
	GlobalSection(ExtensibilityGlobals) = postSolution
		SolutionGuid = {7C9BA0DD-E009-4808-B095-0AD79DEC3819}
	EndGlobalSection
EndGlobal
