
Microsoft Visual Studio Solution File, Format Version 12.00
# Visual Studio Version 16
VisualStudioVersion = 16.0.30011.22
MinimumVisualStudioVersion = 10.0.40219.1
Project("{FAE04EC0-301F-11D3-BF4B-00C04F79EFBC}") = "Timer", "Timer\Timer.csproj", "{655185A3-3B5A-4D0D-8927-A47F63BE3425}"
EndProject
Project("{930C7802-8A8C-48F9-8165-68863BCCD9DD}") = "Timer.Setup", "Timer.Setup\Timer.Setup.wixproj", "{87724848-35EF-49D1-B332-58D217D6A5AC}"
EndProject
Global
	GlobalSection(SolutionConfigurationPlatforms) = preSolution
		Debug|Any CPU = Debug|Any CPU
		Debug|x86 = Debug|x86
		Release|Any CPU = Release|Any CPU
		Release|x86 = Release|x86
	EndGlobalSection
	GlobalSection(ProjectConfigurationPlatforms) = postSolution
		{655185A3-3B5A-4D0D-8927-A47F63BE3425}.Debug|Any CPU.ActiveCfg = Debug|Any CPU
		{655185A3-3B5A-4D0D-8927-A47F63BE3425}.Debug|Any CPU.Build.0 = Debug|Any CPU
		{655185A3-3B5A-4D0D-8927-A47F63BE3425}.Debug|x86.ActiveCfg = Debug|Any CPU
		{655185A3-3B5A-4D0D-8927-A47F63BE3425}.Debug|x86.Build.0 = Debug|Any CPU
		{655185A3-3B5A-4D0D-8927-A47F63BE3425}.Release|Any CPU.ActiveCfg = Release|Any CPU
		{655185A3-3B5A-4D0D-8927-A47F63BE3425}.Release|Any CPU.Build.0 = Release|Any CPU
		{655185A3-3B5A-4D0D-8927-A47F63BE3425}.Release|x86.ActiveCfg = Release|Any CPU
		{655185A3-3B5A-4D0D-8927-A47F63BE3425}.Release|x86.Build.0 = Release|Any CPU
		{87724848-35EF-49D1-B332-58D217D6A5AC}.Debug|Any CPU.ActiveCfg = Debug|x86
		{87724848-35EF-49D1-B332-58D217D6A5AC}.Debug|x86.ActiveCfg = Debug|x86
		{87724848-35EF-49D1-B332-58D217D6A5AC}.Debug|x86.Build.0 = Debug|x86
		{87724848-35EF-49D1-B332-58D217D6A5AC}.Release|Any CPU.ActiveCfg = Release|x86
		{87724848-35EF-49D1-B332-58D217D6A5AC}.Release|x86.ActiveCfg = Release|x86
		{87724848-35EF-49D1-B332-58D217D6A5AC}.Release|x86.Build.0 = Release|x86
	EndGlobalSection
	GlobalSection(SolutionProperties) = preSolution
		HideSolutionNode = FALSE
	EndGlobalSection
	GlobalSection(ExtensibilityGlobals) = postSolution
		SolutionGuid = {7C9BA0DD-E009-4808-B095-0AD79DEC3819}
	EndGlobalSection
EndGlobal
